Microsoft Visual Studio Solution File, Format Version 12.00
# Visual Studio Version 17
VisualStudioVersion = 17.5.2.0
MinimumVisualStudioVersion = 10.0.40219.1
Project("{2150E333-8FDC-42A3-9474-1A3956D46DE8}") = "packages", "packages", "{809F86A1-1C4C-B159-0CD4-DF9D33D876CE}"
EndProject
Project("{FAE04EC0-301F-11D3-BF4B-00C04F79EFBC}") = "lakepublisher", "packages\lakepublisher\lakepublisher.csproj", "{3F9F33B0-EEF3-1ED4-CC0D-2EBF0604740E}"
EndProject
Global
	GlobalSection(SolutionConfigurationPlatforms) = preSolution
		Debug|Any CPU = Debug|Any CPU
		Release|Any CPU = Release|Any CPU
	EndGlobalSection
	GlobalSection(ProjectConfigurationPlatforms) = postSolution
		{3F9F33B0-EEF3-1ED4-CC0D-2EBF0604740E}.Debug|Any CPU.ActiveCfg = Debug|Any CPU
		{3F9F33B0-EEF3-1ED4-CC0D-2EBF0604740E}.Debug|Any CPU.Build.0 = Debug|Any CPU
		{3F9F33B0-EEF3-1ED4-CC0D-2EBF0604740E}.Release|Any CPU.ActiveCfg = Release|Any CPU
		{3F9F33B0-EEF3-1ED4-CC0D-2EBF0604740E}.Release|Any CPU.Build.0 = Release|Any CPU
	EndGlobalSection
	GlobalSection(SolutionProperties) = preSolution
		HideSolutionNode = FALSE
	EndGlobalSection
	GlobalSection(NestedProjects) = preSolution
		{3F9F33B0-EEF3-1ED4-CC0D-2EBF0604740E} = {809F86A1-1C4C-B159-0CD4-DF9D33D876CE}
	EndGlobalSection
	GlobalSection(ExtensibilityGlobals) = postSolution
		SolutionGuid = {51F3A36B-6EC1-4E5E-987A-19408E6BDC54}
	EndGlobalSection
EndGlobal
